// !$*UTF8*$!
{
	archiveVersion = 1;
	classes = {
	};
	objectVersion = 50;
	objects = {

/* Begin PBXBuildFile section */
		357FBB9320B9A8DA00FA6A97 /* AppDelegate.m in Sources */ = {isa = PBXBuildFile; fileRef = 357FBB9220B9A8DA00FA6A97 /* AppDelegate.m */; };
		357FBB9620B9A8DA00FA6A97 /* ViewController.m in Sources */ = {isa = PBXBuildFile; fileRef = 357FBB9520B9A8DA00FA6A97 /* ViewController.m */; };
		357FBB9920B9A8DA00FA6A97 /* Main.storyboard in Resources */ = {isa = PBXBuildFile; fileRef = 357FBB9720B9A8DA00FA6A97 /* Main.storyboard */; };
		357FBB9B20B9A8DB00FA6A97 /* Assets.xcassets in Resources */ = {isa = PBXBuildFile; fileRef = 357FBB9A20B9A8DB00FA6A97 /* Assets.xcassets */; };
		357FBB9E20B9A8DB00FA6A97 /* LaunchScreen.storyboard in Resources */ = {isa = PBXBuildFile; fileRef = 357FBB9C20B9A8DB00FA6A97 /* LaunchScreen.storyboard */; };
		357FBBA120B9A8DB00FA6A97 /* main.m in Sources */ = {isa = PBXBuildFile; fileRef = 357FBBA020B9A8DB00FA6A97 /* main.m */; };
		357FBBAB20B9A8DB00FA6A97 /* XLsn0wXibTests.m in Sources */ = {isa = PBXBuildFile; fileRef = 357FBBAA20B9A8DB00FA6A97 /* XLsn0wXibTests.m */; };
		357FBBB620B9A8DB00FA6A97 /* XLsn0wXibUITests.m in Sources */ = {isa = PBXBuildFile; fileRef = 357FBBB520B9A8DB00FA6A97 /* XLsn0wXibUITests.m */; };
		357FBBC620B9A92A00FA6A97 /* XLsn0wNib.m in Sources */ = {isa = PBXBuildFile; fileRef = 357FBBC420B9A92A00FA6A97 /* XLsn0wNib.m */; };
/* End PBXBuildFile section */

/* Begin PBXContainerItemProxy section */
		357FBBA720B9A8DB00FA6A97 /* PBXContainerItemProxy */ = {
			isa = PBXContainerItemProxy;
			containerPortal = 357FBB8620B9A8DA00FA6A97 /* Project object */;
			proxyType = 1;
			remoteGlobalIDString = 357FBB8D20B9A8DA00FA6A97;
			remoteInfo = XLsn0wXib;
		};
		357FBBB220B9A8DB00FA6A97 /* PBXContainerItemProxy */ = {
			isa = PBXContainerItemProxy;
			containerPortal = 357FBB8620B9A8DA00FA6A97 /* Project object */;
			proxyType = 1;
			remoteGlobalIDString = 357FBB8D20B9A8DA00FA6A97;
			remoteInfo = XLsn0wXib;
		};
/* End PBXContainerItemProxy section */

/* Begin PBXFileReference section */
		357FBB8E20B9A8DA00FA6A97 /* XLsn0wXib.app */ = {isa = PBXFileReference; explicitFileType = wrapper.application; includeInIndex = 0; path = XLsn0wXib.app; sourceTree = BUILT_PRODUCTS_DIR; };
		357FBB9120B9A8DA00FA6A97 /* AppDelegate.h */ = {isa = PBXFileReference; lastKnownFileType = sourcecode.c.h; path = AppDelegate.h; sourceTree = "<group>"; };
		357FBB9220B9A8DA00FA6A97 /* AppDelegate.m */ = {isa = PBXFileReference; lastKnownFileType = sourcecode.c.objc; path = AppDelegate.m; sourceTree = "<group>"; };
		357FBB9420B9A8DA00FA6A97 /* ViewController.h */ = {isa = PBXFileReference; lastKnownFileType = sourcecode.c.h; path = ViewController.h; sourceTree = "<group>"; };
		357FBB9520B9A8DA00FA6A97 /* ViewController.m */ = {isa = PBXFileReference; lastKnownFileType = sourcecode.c.objc; path = ViewController.m; sourceTree = "<group>"; };
		357FBB9820B9A8DA00FA6A97 /* Base */ = {isa = PBXFileReference; lastKnownFileType = file.storyboard; name = Base; path = Base.lproj/Main.storyboard; sourceTree = "<group>"; };
		357FBB9A20B9A8DB00FA6A97 /* Assets.xcassets */ = {isa = PBXFileReference; lastKnownFileType = folder.assetcatalog; path = Assets.xcassets; sourceTree = "<group>"; };
		357FBB9D20B9A8DB00FA6A97 /* Base */ = {isa = PBXFileReference; lastKnownFileType = file.storyboard; name = Base; path = Base.lproj/LaunchScreen.storyboard; sourceTree = "<group>"; };
		357FBB9F20B9A8DB00FA6A97 /* Info.plist */ = {isa = PBXFileReference; lastKnownFileType = text.plist.xml; path = Info.plist; sourceTree = "<group>"; };
		357FBBA020B9A8DB00FA6A97 /* main.m */ = {isa = PBXFileReference; lastKnownFileType = sourcecode.c.objc; path = main.m; sourceTree = "<group>"; };
		357FBBA620B9A8DB00FA6A97 /* XLsn0wXibTests.xctest */ = {isa = PBXFileReference; explicitFileType = wrapper.cfbundle; includeInIndex = 0; path = XLsn0wXibTests.xctest; sourceTree = BUILT_PRODUCTS_DIR; };
		357FBBAA20B9A8DB00FA6A97 /* XLsn0wXibTests.m */ = {isa = PBXFileReference; lastKnownFileType = sourcecode.c.objc; path = XLsn0wXibTests.m; sourceTree = "<group>"; };
		357FBBAC20B9A8DB00FA6A97 /* Info.plist */ = {isa = PBXFileReference; lastKnownFileType = text.plist.xml; path = Info.plist; sourceTree = "<group>"; };
		357FBBB120B9A8DB00FA6A97 /* XLsn0wXibUITests.xctest */ = {isa = PBXFileReference; explicitFileType = wrapper.cfbundle; includeInIndex = 0; path = XLsn0wXibUITests.xctest; sourceTree = BUILT_PRODUCTS_DIR; };
		357FBBB520B9A8DB00FA6A97 /* XLsn0wXibUITests.m */ = {isa = PBXFileReference; lastKnownFileType = sourcecode.c.objc; path = XLsn0wXibUITests.m; sourceTree = "<group>"; };
		357FBBB720B9A8DB00FA6A97 /* Info.plist */ = {isa = PBXFileReference; lastKnownFileType = text.plist.xml; path = Info.plist; sourceTree = "<group>"; };
		357FBBC420B9A92A00FA6A97 /* XLsn0wNib.m */ = {isa = PBXFileReference; fileEncoding = 4; lastKnownFileType = sourcecode.c.objc; path = XLsn0wNib.m; sourceTree = "<group>"; };
		357FBBC520B9A92A00FA6A97 /* XLsn0wNib.h */ = {isa = PBXFileReference; fileEncoding = 4; lastKnownFileType = sourcecode.c.h; path = XLsn0wNib.h; sourceTree = "<group>"; };
/* End PBXFileReference section */

/* Begin PBXFrameworksBuildPhase section */
		357FBB8B20B9A8DA00FA6A97 /* Frameworks */ = {
			isa = PBXFrameworksBuildPhase;
			buildActionMask = 2147483647;
			files = (
			);
			runOnlyForDeploymentPostprocessing = 0;
		};
		357FBBA320B9A8DB00FA6A97 /* Frameworks */ = {
			isa = PBXFrameworksBuildPhase;
			buildActionMask = 2147483647;
			files = (
			);
			runOnlyForDeploymentPostprocessing = 0;
		};
		357FBBAE20B9A8DB00FA6A97 /* Frameworks */ = {
			isa = PBXFrameworksBuildPhase;
			buildActionMask = 2147483647;
			files = (
			);
			runOnlyForDeploymentPostprocessing = 0;
		};
/* End PBXFrameworksBuildPhase section */

/* Begin PBXGroup section */
		357FBB8520B9A8DA00FA6A97 = {
			isa = PBXGroup;
			children = (
				357FBBC320B9A92A00FA6A97 /* XLsn0wNib */,
				357FBB9020B9A8DA00FA6A97 /* XLsn0wXib */,
				357FBBA920B9A8DB00FA6A97 /* XLsn0wXibTests */,
				357FBBB420B9A8DB00FA6A97 /* XLsn0wXibUITests */,
				357FBB8F20B9A8DA00FA6A97 /* Products */,
			);
			sourceTree = "<group>";
		};
		357FBB8F20B9A8DA00FA6A97 /* Products */ = {
			isa = PBXGroup;
			children = (
				357FBB8E20B9A8DA00FA6A97 /* XLsn0wXib.app */,
				357FBBA620B9A8DB00FA6A97 /* XLsn0wXibTests.xctest */,
				357FBBB120B9A8DB00FA6A97 /* XLsn0wXibUITests.xctest */,
			);
			name = Products;
			sourceTree = "<group>";
		};
		357FBB9020B9A8DA00FA6A97 /* XLsn0wXib */ = {
			isa = PBXGroup;
			children = (
				357FBB9120B9A8DA00FA6A97 /* AppDelegate.h */,
				357FBB9220B9A8DA00FA6A97 /* AppDelegate.m */,
				357FBB9420B9A8DA00FA6A97 /* ViewController.h */,
				357FBB9520B9A8DA00FA6A97 /* ViewController.m */,
				357FBB9720B9A8DA00FA6A97 /* Main.storyboard */,
				357FBB9A20B9A8DB00FA6A97 /* Assets.xcassets */,
				357FBB9C20B9A8DB00FA6A97 /* LaunchScreen.storyboard */,
				357FBB9F20B9A8DB00FA6A97 /* Info.plist */,
				357FBBA020B9A8DB00FA6A97 /* main.m */,
			);
			path = XLsn0wXib;
			sourceTree = "<group>";
		};
		357FBBA920B9A8DB00FA6A97 /* XLsn0wXibTests */ = {
			isa = PBXGroup;
			children = (
				357FBBAA20B9A8DB00FA6A97 /* XLsn0wXibTests.m */,
				357FBBAC20B9A8DB00FA6A97 /* Info.plist */,
			);
			path = XLsn0wXibTests;
			sourceTree = "<group>";
		};
		357FBBB420B9A8DB00FA6A97 /* XLsn0wXibUITests */ = {
			isa = PBXGroup;
			children = (
				357FBBB520B9A8DB00FA6A97 /* XLsn0wXibUITests.m */,
				357FBBB720B9A8DB00FA6A97 /* Info.plist */,
			);
			path = XLsn0wXibUITests;
			sourceTree = "<group>";
		};
		357FBBC320B9A92A00FA6A97 /* XLsn0wNib */ = {
			isa = PBXGroup;
			children = (
				357FBBC520B9A92A00FA6A97 /* XLsn0wNib.h */,
				357FBBC420B9A92A00FA6A97 /* XLsn0wNib.m */,
			);
			path = XLsn0wNib;
			sourceTree = "<group>";
		};
/* End PBXGroup section */

/* Begin PBXNativeTarget section */
		357FBB8D20B9A8DA00FA6A97 /* XLsn0wXib */ = {
			isa = PBXNativeTarget;
			buildConfigurationList = 357FBBBA20B9A8DB00FA6A97 /* Build configuration list for PBXNativeTarget "XLsn0wXib" */;
			buildPhases = (
				357FBB8A20B9A8DA00FA6A97 /* Sources */,
				357FBB8B20B9A8DA00FA6A97 /* Frameworks */,
				357FBB8C20B9A8DA00FA6A97 /* Resources */,
			);
			buildRules = (
			);
			dependencies = (
			);
			name = XLsn0wXib;
			productName = XLsn0wXib;
			productReference = 357FBB8E20B9A8DA00FA6A97 /* XLsn0wXib.app */;
			productType = "com.apple.product-type.application";
		};
		357FBBA520B9A8DB00FA6A97 /* XLsn0wXibTests */ = {
			isa = PBXNativeTarget;
			buildConfigurationList = 357FBBBD20B9A8DB00FA6A97 /* Build configuration list for PBXNativeTarget "XLsn0wXibTests" */;
			buildPhases = (
				357FBBA220B9A8DB00FA6A97 /* Sources */,
				357FBBA320B9A8DB00FA6A97 /* Frameworks */,
				357FBBA420B9A8DB00FA6A97 /* Resources */,
			);
			buildRules = (
			);
			dependencies = (
				357FBBA820B9A8DB00FA6A97 /* PBXTargetDependency */,
			);
			name = XLsn0wXibTests;
			productName = XLsn0wXibTests;
			productReference = 357FBBA620B9A8DB00FA6A97 /* XLsn0wXibTests.xctest */;
			productType = "com.apple.product-type.bundle.unit-test";
		};
		357FBBB020B9A8DB00FA6A97 /* XLsn0wXibUITests */ = {
			isa = PBXNativeTarget;
			buildConfigurationList = 357FBBC020B9A8DB00FA6A97 /* Build configuration list for PBXNativeTarget "XLsn0wXibUITests" */;
			buildPhases = (
				357FBBAD20B9A8DB00FA6A97 /* Sources */,
				357FBBAE20B9A8DB00FA6A97 /* Frameworks */,
				357FBBAF20B9A8DB00FA6A97 /* Resources */,
			);
			buildRules = (
			);
			dependencies = (
				357FBBB320B9A8DB00FA6A97 /* PBXTargetDependency */,
			);
			name = XLsn0wXibUITests;
			productName = XLsn0wXibUITests;
			productReference = 357FBBB120B9A8DB00FA6A97 /* XLsn0wXibUITests.xctest */;
			productType = "com.apple.product-type.bundle.ui-testing";
		};
/* End PBXNativeTarget section */

/* Begin PBXProject section */
		357FBB8620B9A8DA00FA6A97 /* Project object */ = {
			isa = PBXProject;
			attributes = {
				LastUpgradeCheck = 0930;
				ORGANIZATIONNAME = XLsn0w;
				TargetAttributes = {
					357FBB8D20B9A8DA00FA6A97 = {
						CreatedOnToolsVersion = 9.3.1;
					};
					357FBBA520B9A8DB00FA6A97 = {
						CreatedOnToolsVersion = 9.3.1;
						TestTargetID = 357FBB8D20B9A8DA00FA6A97;
					};
					357FBBB020B9A8DB00FA6A97 = {
						CreatedOnToolsVersion = 9.3.1;
						TestTargetID = 357FBB8D20B9A8DA00FA6A97;
					};
				};
			};
			buildConfigurationList = 357FBB8920B9A8DA00FA6A97 /* Build configuration list for PBXProject "XLsn0wXib" */;
			compatibilityVersion = "Xcode 9.3";
			developmentRegion = en;
			hasScannedForEncodings = 0;
			knownRegions = (
				en,
				Base,
			);
			mainGroup = 357FBB8520B9A8DA00FA6A97;
			productRefGroup = 357FBB8F20B9A8DA00FA6A97 /* Products */;
			projectDirPath = "";
			projectRoot = "";
			targets = (
				357FBB8D20B9A8DA00FA6A97 /* XLsn0wXib */,
				357FBBA520B9A8DB00FA6A97 /* XLsn0wXibTests */,
				357FBBB020B9A8DB00FA6A97 /* XLsn0wXibUITests */,
			);
		};
/* End PBXProject section */

/* Begin PBXResourcesBuildPhase section */
		357FBB8C20B9A8DA00FA6A97 /* Resources */ = {
			isa = PBXResourcesBuildPhase;
			buildActionMask = 2147483647;
			files = (
				357FBB9E20B9A8DB00FA6A97 /* LaunchScreen.storyboard in Resources */,
				357FBB9B20B9A8DB00FA6A97 /* Assets.xcassets in Resources */,
				357FBB9920B9A8DA00FA6A97 /* Main.storyboard in Resources */,
			);
			runOnlyForDeploymentPostprocessing = 0;
		};
		357FBBA420B9A8DB00FA6A97 /* Resources */ = {
			isa = PBXResourcesBuildPhase;
			buildActionMask = 2147483647;
			files = (
			);
			runOnlyForDeploymentPostprocessing = 0;
		};
		357FBBAF20B9A8DB00FA6A97 /* Resources */ = {
			isa = PBXResourcesBuildPhase;
			buildActionMask = 2147483647;
			files = (
			);
			runOnlyForDeploymentPostprocessing = 0;
		};
/* End PBXResourcesBuildPhase section */

/* Begin PBXSourcesBuildPhase section */
		357FBB8A20B9A8DA00FA6A97 /* Sources */ = {
			isa = PBXSourcesBuildPhase;
			buildActionMask = 2147483647;
			files = (
				357FBB9620B9A8DA00FA6A97 /* ViewController.m in Sources */,
				357FBBA120B9A8DB00FA6A97 /* main.m in Sources */,
				357FBB9320B9A8DA00FA6A97 /* AppDelegate.m in Sources */,
				357FBBC620B9A92A00FA6A97 /* XLsn0wNib.m in Sources */,
			);
			runOnlyForDeploymentPostprocessing = 0;
		};
		357FBBA220B9A8DB00FA6A97 /* Sources */ = {
			isa = PBXSourcesBuildPhase;
			buildActionMask = 2147483647;
			files = (
				357FBBAB20B9A8DB00FA6A97 /* XLsn0wXibTests.m in Sources */,
			);
			runOnlyForDeploymentPostprocessing = 0;
		};
		357FBBAD20B9A8DB00FA6A97 /* Sources */ = {
			isa = PBXSourcesBuildPhase;
			buildActionMask = 2147483647;
			files = (
				357FBBB620B9A8DB00FA6A97 /* XLsn0wXibUITests.m in Sources */,
			);
			runOnlyForDeploymentPostprocessing = 0;
		};
/* End PBXSourcesBuildPhase section */

/* Begin PBXTargetDependency section */
		357FBBA820B9A8DB00FA6A97 /* PBXTargetDependency */ = {
			isa = PBXTargetDependency;
			target = 357FBB8D20B9A8DA00FA6A97 /* XLsn0wXib */;
			targetProxy = 357FBBA720B9A8DB00FA6A97 /* PBXContainerItemProxy */;
		};
		357FBBB320B9A8DB00FA6A97 /* PBXTargetDependency */ = {
			isa = PBXTargetDependency;
			target = 357FBB8D20B9A8DA00FA6A97 /* XLsn0wXib */;
			targetProxy = 357FBBB220B9A8DB00FA6A97 /* PBXContainerItemProxy */;
		};
/* End PBXTargetDependency section */

/* Begin PBXVariantGroup section */
		357FBB9720B9A8DA00FA6A97 /* Main.storyboard */ = {
			isa = PBXVariantGroup;
			children = (
				357FBB9820B9A8DA00FA6A97 /* Base */,
			);
			name = Main.storyboard;
			sourceTree = "<group>";
		};
		357FBB9C20B9A8DB00FA6A97 /* LaunchScreen.storyboard */ = {
			isa = PBXVariantGroup;
			children = (
				357FBB9D20B9A8DB00FA6A97 /* Base */,
			);
			name = LaunchScreen.storyboard;
			sourceTree = "<group>";
		};
/* End PBXVariantGroup section */

/* Begin XCBuildConfiguration section */
		357FBBB820B9A8DB00FA6A97 /* Debug */ = {
			isa = XCBuildConfiguration;
			buildSettings = {
				ALWAYS_SEARCH_USER_PATHS = NO;
				CLANG_ANALYZER_NONNULL = YES;
				CLANG_ANALYZER_NUMBER_OBJECT_CONVERSION = YES_AGGRESSIVE;
				CLANG_CXX_LANGUAGE_STANDARD = "gnu++14";
				CLANG_CXX_LIBRARY = "libc++";
				CLANG_ENABLE_MODULES = YES;
				CLANG_ENABLE_OBJC_ARC = YES;
				CLANG_ENABLE_OBJC_WEAK = YES;
				CLANG_WARN_BLOCK_CAPTURE_AUTORELEASING = YES;
				CLANG_WARN_BOOL_CONVERSION = YES;
				CLANG_WARN_COMMA = YES;
				CLANG_WARN_CONSTANT_CONVERSION = YES;
				CLANG_WARN_DEPRECATED_OBJC_IMPLEMENTATIONS = YES;
				CLANG_WARN_DIRECT_OBJC_ISA_USAGE = YES_ERROR;
				CLANG_WARN_DOCUMENTATION_COMMENTS = YES;
				CLANG_WARN_EMPTY_BODY = YES;
				CLANG_WARN_ENUM_CONVERSION = YES;
				CLANG_WARN_INFINITE_RECURSION = YES;
				CLANG_WARN_INT_CONVERSION = YES;
				CLANG_WARN_NON_LITERAL_NULL_CONVERSION = YES;
				CLANG_WARN_OBJC_IMPLICIT_RETAIN_SELF = YES;
				CLANG_WARN_OBJC_LITERAL_CONVERSION = YES;
				CLANG_WARN_OBJC_ROOT_CLASS = YES_ERROR;
				CLANG_WARN_RANGE_LOOP_ANALYSIS = YES;
				CLANG_WARN_STRICT_PROTOTYPES = YES;
				CLANG_WARN_SUSPICIOUS_MOVE = YES;
				CLANG_WARN_UNGUARDED_AVAILABILITY = YES_AGGRESSIVE;
				CLANG_WARN_UNREACHABLE_CODE = YES;
				CLANG_WARN__DUPLICATE_METHOD_MATCH = YES;
				CODE_SIGN_IDENTITY = "iPhone Developer";
				COPY_PHASE_STRIP = NO;
				DEBUG_INFORMATION_FORMAT = dwarf;
				ENABLE_STRICT_OBJC_MSGSEND = YES;
				ENABLE_TESTABILITY = YES;
				GCC_C_LANGUAGE_STANDARD = gnu11;
				GCC_DYNAMIC_NO_PIC = NO;
				GCC_NO_COMMON_BLOCKS = YES;
				GCC_OPTIMIZATION_LEVEL = 0;
				GCC_PREPROCESSOR_DEFINITIONS = (
					"DEBUG=1",
					"$(inherited)",
				);
				GCC_WARN_64_TO_32_BIT_CONVERSION = YES;
				GCC_WARN_ABOUT_RETURN_TYPE = YES_ERROR;
				GCC_WARN_UNDECLARED_SELECTOR = YES;
				GCC_WARN_UNINITIALIZED_AUTOS = YES_AGGRESSIVE;
				GCC_WARN_UNUSED_FUNCTION = YES;
				GCC_WARN_UNUSED_VARIABLE = YES;
				IPHONEOS_DEPLOYMENT_TARGET = 11.3;
				MTL_ENABLE_DEBUG_INFO = YES;
				ONLY_ACTIVE_ARCH = YES;
				SDKROOT = iphoneos;
			};
			name = Debug;
		};
		357FBBB920B9A8DB00FA6A97 /* Release */ = {
			isa = XCBuildConfiguration;
			buildSettings = {
				ALWAYS_SEARCH_USER_PATHS = NO;
				CLANG_ANALYZER_NONNULL = YES;
				CLANG_ANALYZER_NUMBER_OBJECT_CONVERSION = YES_AGGRESSIVE;
				CLANG_CXX_LANGUAGE_STANDARD = "gnu++14";
				CLANG_CXX_LIBRARY = "libc++";
				CLANG_ENABLE_MODULES = YES;
				CLANG_ENABLE_OBJC_ARC = YES;
				CLANG_ENABLE_OBJC_WEAK = YES;
				CLANG_WARN_BLOCK_CAPTURE_AUTORELEASING = YES;
				CLANG_WARN_BOOL_CONVERSION = YES;
				CLANG_WARN_COMMA = YES;
				CLANG_WARN_CONSTANT_CONVERSION = YES;
				CLANG_WARN_DEPRECATED_OBJC_IMPLEMENTATIONS = YES;
				CLANG_WARN_DIRECT_OBJC_ISA_USAGE = YES_ERROR;
				CLANG_WARN_DOCUMENTATION_COMMENTS = YES;
				CLANG_WARN_EMPTY_BODY = YES;
				CLANG_WARN_ENUM_CONVERSION = YES;
				CLANG_WARN_INFINITE_RECURSION = YES;
				CLANG_WARN_INT_CONVERSION = YES;
				CLANG_WARN_NON_LITERAL_NULL_CONVERSION = YES;
				CLANG_WARN_OBJC_IMPLICIT_RETAIN_SELF = YES;
				CLANG_WARN_OBJC_LITERAL_CONVERSION = YES;
				CLANG_WARN_OBJC_ROOT_CLASS = YES_ERROR;
				CLANG_WARN_RANGE_LOOP_ANALYSIS = YES;
				CLANG_WARN_STRICT_PROTOTYPES = YES;
				CLANG_WARN_SUSPICIOUS_MOVE = YES;
				CLANG_WARN_UNGUARDED_AVAILABILITY = YES_AGGRESSIVE;
				CLANG_WARN_UNREACHABLE_CODE = YES;
				CLANG_WARN__DUPLICATE_METHOD_MATCH = YES;
				CODE_SIGN_IDENTITY = "iPhone Developer";
				COPY_PHASE_STRIP = NO;
				DEBUG_INFORMATION_FORMAT = "dwarf-with-dsym";
				ENABLE_NS_ASSERTIONS = NO;
				ENABLE_STRICT_OBJC_MSGSEND = YES;
				GCC_C_LANGUAGE_STANDARD = gnu11;
				GCC_NO_COMMON_BLOCKS = YES;
				GCC_WARN_64_TO_32_BIT_CONVERSION = YES;
				GCC_WARN_ABOUT_RETURN_TYPE = YES_ERROR;
				GCC_WARN_UNDECLARED_SELECTOR = YES;
				GCC_WARN_UNINITIALIZED_AUTOS = YES_AGGRESSIVE;
				GCC_WARN_UNUSED_FUNCTION = YES;
				GCC_WARN_UNUSED_VARIABLE = YES;
				IPHONEOS_DEPLOYMENT_TARGET = 11.3;
				MTL_ENABLE_DEBUG_INFO = NO;
				SDKROOT = iphoneos;
				VALIDATE_PRODUCT = YES;
			};
			name = Release;
		};
		357FBBBB20B9A8DB00FA6A97 /* Debug */ = {
			isa = XCBuildConfiguration;
			buildSettings = {
				ASSETCATALOG_COMPILER_APPICON_NAME = AppIcon;
				CODE_SIGN_STYLE = Automatic;
				INFOPLIST_FILE = XLsn0wXib/Info.plist;
				LD_RUNPATH_SEARCH_PATHS = (
					"$(inherited)",
					"@executable_path/Frameworks",
				);
				PRODUCT_BUNDLE_IDENTIFIER = com.outlook.xlsn0w.XLsn0wXib;
				PRODUCT_NAME = "$(TARGET_NAME)";
				TARGETED_DEVICE_FAMILY = "1,2";
			};
			name = Debug;
		};
		357FBBBC20B9A8DB00FA6A97 /* Release */ = {
			isa = XCBuildConfiguration;
			buildSettings = {
				ASSETCATALOG_COMPILER_APPICON_NAME = AppIcon;
				CODE_SIGN_STYLE = Automatic;
				INFOPLIST_FILE = XLsn0wXib/Info.plist;
				LD_RUNPATH_SEARCH_PATHS = (
					"$(inherited)",
					"@executable_path/Frameworks",
				);
				PRODUCT_BUNDLE_IDENTIFIER = com.outlook.xlsn0w.XLsn0wXib;
				PRODUCT_NAME = "$(TARGET_NAME)";
				TARGETED_DEVICE_FAMILY = "1,2";
			};
			name = Release;
		};
		357FBBBE20B9A8DB00FA6A97 /* Debug */ = {
			isa = XCBuildConfiguration;
			buildSettings = {
				BUNDLE_LOADER = "$(TEST_HOST)";
				CODE_SIGN_STYLE = Automatic;
				INFOPLIST_FILE = XLsn0wXibTests/Info.plist;
				LD_RUNPATH_SEARCH_PATHS = (
					"$(inherited)",
					"@executable_path/Frameworks",
					"@loader_path/Frameworks",
				);
				PRODUCT_BUNDLE_IDENTIFIER = com.outlook.xlsn0w.XLsn0wXibTests;
				PRODUCT_NAME = "$(TARGET_NAME)";
				TARGETED_DEVICE_FAMILY = "1,2";
				TEST_HOST = "$(BUILT_PRODUCTS_DIR)/XLsn0wXib.app/XLsn0wXib";
			};
			name = Debug;
		};
		357FBBBF20B9A8DB00FA6A97 /* Release */ = {
			isa = XCBuildConfiguration;
			buildSettings = {
				BUNDLE_LOADER = "$(TEST_HOST)";
				CODE_SIGN_STYLE = Automatic;
				INFOPLIST_FILE = XLsn0wXibTests/Info.plist;
				LD_RUNPATH_SEARCH_PATHS = (
					"$(inherited)",
					"@executable_path/Frameworks",
					"@loader_path/Frameworks",
				);
				PRODUCT_BUNDLE_IDENTIFIER = com.outlook.xlsn0w.XLsn0wXibTests;
				PRODUCT_NAME = "$(TARGET_NAME)";
				TARGETED_DEVICE_FAMILY = "1,2";
				TEST_HOST = "$(BUILT_PRODUCTS_DIR)/XLsn0wXib.app/XLsn0wXib";
			};
			name = Release;
		};
		357FBBC120B9A8DB00FA6A97 /* Debug */ = {
			isa = XCBuildConfiguration;
			buildSettings = {
				CODE_SIGN_STYLE = Automatic;
				INFOPLIST_FILE = XLsn0wXibUITests/Info.plist;
				LD_RUNPATH_SEARCH_PATHS = (
					"$(inherited)",
					"@executable_path/Frameworks",
					"@loader_path/Frameworks",
				);
				PRODUCT_BUNDLE_IDENTIFIER = com.outlook.xlsn0w.XLsn0wXibUITests;
				PRODUCT_NAME = "$(TARGET_NAME)";
				TARGETED_DEVICE_FAMILY = "1,2";
				TEST_TARGET_NAME = XLsn0wXib;
			};
			name = Debug;
		};
		357FBBC220B9A8DB00FA6A97 /* Release */ = {
			isa = XCBuildConfiguration;
			buildSettings = {
				CODE_SIGN_STYLE = Automatic;
				INFOPLIST_FILE = XLsn0wXibUITests/Info.plist;
				LD_RUNPATH_SEARCH_PATHS = (
					"$(inherited)",
					"@executable_path/Frameworks",
					"@loader_path/Frameworks",
				);
				PRODUCT_BUNDLE_IDENTIFIER = com.outlook.xlsn0w.XLsn0wXibUITests;
				PRODUCT_NAME = "$(TARGET_NAME)";
				TARGETED_DEVICE_FAMILY = "1,2";
				TEST_TARGET_NAME = XLsn0wXib;
			};
			name = Release;
		};
/* End XCBuildConfiguration section */

/* Begin XCConfigurationList section */
		357FBB8920B9A8DA00FA6A97 /* Build configuration list for PBXProject "XLsn0wXib" */ = {
			isa = XCConfigurationList;
			buildConfigurations = (
				357FBBB820B9A8DB00FA6A97 /* Debug */,
				357FBBB920B9A8DB00FA6A97 /* Release */,
			);
			defaultConfigurationIsVisible = 0;
			defaultConfigurationName = Release;
		};
		357FBBBA20B9A8DB00FA6A97 /* Build configuration list for PBXNativeTarget "XLsn0wXib" */ = {
			isa = XCConfigurationList;
			buildConfigurations = (
				357FBBBB20B9A8DB00FA6A97 /* Debug */,
				357FBBBC20B9A8DB00FA6A97 /* Release */,
			);
			defaultConfigurationIsVisible = 0;
			defaultConfigurationName = Release;
		};
		357FBBBD20B9A8DB00FA6A97 /* Build configuration list for PBXNativeTarget "XLsn0wXibTests" */ = {
			isa = XCConfigurationList;
			buildConfigurations = (
				357FBBBE20B9A8DB00FA6A97 /* Debug */,
				357FBBBF20B9A8DB00FA6A97 /* Release */,
			);
			defaultConfigurationIsVisible = 0;
			defaultConfigurationName = Release;
		};
		357FBBC020B9A8DB00FA6A97 /* Build configuration list for PBXNativeTarget "XLsn0wXibUITests" */ = {
			isa = XCConfigurationList;
			buildConfigurations = (
				357FBBC120B9A8DB00FA6A97 /* Debug */,
				357FBBC220B9A8DB00FA6A97 /* Release */,
			);
			defaultConfigurationIsVisible = 0;
			defaultConfigurationName = Release;
		};
/* End XCConfigurationList section */
	};
	rootObject = 357FBB8620B9A8DA00FA6A97 /* Project object */;
}
